
Microsoft Visual Studio Solution File, Format Version 12.00
# Visual Studio Version 17
VisualStudioVersion = 17.11.35312.102
MinimumVisualStudioVersion = 10.0.40219.1
Project("{8BC9CEB8-8B4A-11D0-8D11-00A0C91BC942}") = "calculadora_f", "calculadora_f\calculadora_f.vcxproj", "{4EF72814-B68A-4672-8146-13509BC8854E}"
EndProject
Project("{8BC9CEB8-8B4A-11D0-8D11-00A0C91BC942}") = "UnitTestCalculator", "UnitTestCalculator\UnitTestCalculator.vcxproj", "{CB1CE2E5-BFC4-403A-9B98-40518C887350}"
EndProject
Global
	GlobalSection(SolutionConfigurationPlatforms) = preSolution
		Debug|x64 = Debug|x64
		Debug|x86 = Debug|x86
		Release|x64 = Release|x64
		Release|x86 = Release|x86
	EndGlobalSection
	GlobalSection(ProjectConfigurationPlatforms) = postSolution
		{4EF72814-B68A-4672-8146-13509BC8854E}.Debug|x64.ActiveCfg = Debug|x64
		{4EF72814-B68A-4672-8146-13509BC8854E}.Debug|x64.Build.0 = Debug|x64
		{4EF72814-B68A-4672-8146-13509BC8854E}.Debug|x86.ActiveCfg = Debug|Win32
		{4EF72814-B68A-4672-8146-13509BC8854E}.Debug|x86.Build.0 = Debug|Win32
		{4EF72814-B68A-4672-8146-13509BC8854E}.Release|x64.ActiveCfg = Release|x64
		{4EF72814-B68A-4672-8146-13509BC8854E}.Release|x64.Build.0 = Release|x64
		{4EF72814-B68A-4672-8146-13509BC8854E}.Release|x86.ActiveCfg = Release|Win32
		{4EF72814-B68A-4672-8146-13509BC8854E}.Release|x86.Build.0 = Release|Win32
		{CB1CE2E5-BFC4-403A-9B98-40518C887350}.Debug|x64.ActiveCfg = Debug|x64
		{CB1CE2E5-BFC4-403A-9B98-40518C887350}.Debug|x64.Build.0 = Debug|x64
		{CB1CE2E5-BFC4-403A-9B98-40518C887350}.Debug|x86.ActiveCfg = Debug|Win32
		{CB1CE2E5-BFC4-403A-9B98-40518C887350}.Debug|x86.Build.0 = Debug|Win32
		{CB1CE2E5-BFC4-403A-9B98-40518C887350}.Release|x64.ActiveCfg = Release|x64
		{CB1CE2E5-BFC4-403A-9B98-40518C887350}.Release|x64.Build.0 = Release|x64
		{CB1CE2E5-BFC4-403A-9B98-40518C887350}.Release|x86.ActiveCfg = Release|Win32
		{CB1CE2E5-BFC4-403A-9B98-40518C887350}.Release|x86.Build.0 = Release|Win32
	EndGlobalSection
	GlobalSection(SolutionProperties) = preSolution
		HideSolutionNode = FALSE
	EndGlobalSection
	GlobalSection(ExtensibilityGlobals) = postSolution
		SolutionGuid = {0DF54345-0967-4BC3-B603-D685811F1E23}
	EndGlobalSection
EndGlobal
